
Microsoft Visual Studio Solution File, Format Version 12.00
# Visual Studio 2013
VisualStudioVersion = 12.0.21005.1
MinimumVisualStudioVersion = 10.0.40219.1
Project("{FAE04EC0-301F-11D3-BF4B-00C04F79EFBC}") = "Wolfy.Shop.Domain", "Wolfy.Shop.Domain\Wolfy.Shop.Domain.csproj", "{31726A4B-D3E3-4468-A6D0-3CA7892B296D}"
EndProject
Project("{FAE04EC0-301F-11D3-BF4B-00C04F79EFBC}") = "Wolfy.Shop.Data", "Wolfy.Shop.Data\Wolfy.Shop.Data.csproj", "{4A029616-8CE5-467D-ACD5-D0EF619DFAE0}"
EndProject
Project("{FAE04EC0-301F-11D3-BF4B-00C04F79EFBC}") = "Wolfy.Shop.Business", "Wolfy.Shop.Business\Wolfy.Shop.Business.csproj", "{02013B89-6B9F-465D-AAB1-38BF5322C605}"
EndProject
Project("{FAE04EC0-301F-11D3-BF4B-00C04F79EFBC}") = "Wolfy.Shop.WebSite", "Wolfy.Shop.WebSite\Wolfy.Shop.WebSite.csproj", "{1BFC4E35-9926-4764-9E1B-DFA03C9A98D6}"
EndProject
Global
	GlobalSection(SolutionConfigurationPlatforms) = preSolution
		Debug|Any CPU = Debug|Any CPU
		Release|Any CPU = Release|Any CPU
	EndGlobalSection
	GlobalSection(ProjectConfigurationPlatforms) = postSolution
		{31726A4B-D3E3-4468-A6D0-3CA7892B296D}.Debug|Any CPU.ActiveCfg = Debug|Any CPU
		{31726A4B-D3E3-4468-A6D0-3CA7892B296D}.Debug|Any CPU.Build.0 = Debug|Any CPU
		{31726A4B-D3E3-4468-A6D0-3CA7892B296D}.Release|Any CPU.ActiveCfg = Release|Any CPU
		{31726A4B-D3E3-4468-A6D0-3CA7892B296D}.Release|Any CPU.Build.0 = Release|Any CPU
		{4A029616-8CE5-467D-ACD5-D0EF619DFAE0}.Debug|Any CPU.ActiveCfg = Debug|Any CPU
		{4A029616-8CE5-467D-ACD5-D0EF619DFAE0}.Debug|Any CPU.Build.0 = Debug|Any CPU
		{4A029616-8CE5-467D-ACD5-D0EF619DFAE0}.Release|Any CPU.ActiveCfg = Release|Any CPU
		{4A029616-8CE5-467D-ACD5-D0EF619DFAE0}.Release|Any CPU.Build.0 = Release|Any CPU
		{02013B89-6B9F-465D-AAB1-38BF5322C605}.Debug|Any CPU.ActiveCfg = Debug|Any CPU
		{02013B89-6B9F-465D-AAB1-38BF5322C605}.Debug|Any CPU.Build.0 = Debug|Any CPU
		{02013B89-6B9F-465D-AAB1-38BF5322C605}.Release|Any CPU.ActiveCfg = Release|Any CPU
		{02013B89-6B9F-465D-AAB1-38BF5322C605}.Release|Any CPU.Build.0 = Release|Any CPU
		{1BFC4E35-9926-4764-9E1B-DFA03C9A98D6}.Debug|Any CPU.ActiveCfg = Debug|Any CPU
		{1BFC4E35-9926-4764-9E1B-DFA03C9A98D6}.Debug|Any CPU.Build.0 = Debug|Any CPU
		{1BFC4E35-9926-4764-9E1B-DFA03C9A98D6}.Release|Any CPU.ActiveCfg = Release|Any CPU
		{1BFC4E35-9926-4764-9E1B-DFA03C9A98D6}.Release|Any CPU.Build.0 = Release|Any CPU
	EndGlobalSection
	GlobalSection(SolutionProperties) = preSolution
		HideSolutionNode = FALSE
	EndGlobalSection
EndGlobal
